// !$*UTF8*$!
{
	archiveVersion = 1;
	classes = {
	};
	objectVersion = 50;
	objects = {

/* Begin PBXBuildFile section */
		B07D323E25546DAB00CF4665 /* SavedData.swift in Sources */ = {isa = PBXBuildFile; fileRef = B07D323D25546DAB00CF4665 /* SavedData.swift */; };
		B0A66B1F254E14920037DABF /* start.txt in Resources */ = {isa = PBXBuildFile; fileRef = B0A66B1E254E14920037DABF /* start.txt */; };
		B0FB1F8D254E091F00D0EAA6 /* AppDelegate.swift in Sources */ = {isa = PBXBuildFile; fileRef = B0FB1F8C254E091F00D0EAA6 /* AppDelegate.swift */; };
		B0FB1F8F254E091F00D0EAA6 /* SceneDelegate.swift in Sources */ = {isa = PBXBuildFile; fileRef = B0FB1F8E254E091F00D0EAA6 /* SceneDelegate.swift */; };
		B0FB1F94254E091F00D0EAA6 /* Main.storyboard in Resources */ = {isa = PBXBuildFile; fileRef = B0FB1F92254E091F00D0EAA6 /* Main.storyboard */; };
		B0FB1F96254E092300D0EAA6 /* Assets.xcassets in Resources */ = {isa = PBXBuildFile; fileRef = B0FB1F95254E092300D0EAA6 /* Assets.xcassets */; };
		B0FB1F99254E092300D0EAA6 /* LaunchScreen.storyboard in Resources */ = {isa = PBXBuildFile; fileRef = B0FB1F97254E092300D0EAA6 /* LaunchScreen.storyboard */; };
		B0FB1FA3254E097A00D0EAA6 /* TableViewController.swift in Sources */ = {isa = PBXBuildFile; fileRef = B0FB1FA2254E097A00D0EAA6 /* TableViewController.swift */; };
/* End PBXBuildFile section */

/* Begin PBXFileReference section */
		B07D323D25546DAB00CF4665 /* SavedData.swift */ = {isa = PBXFileReference; lastKnownFileType = sourcecode.swift; path = SavedData.swift; sourceTree = "<group>"; };
		B0A66B1E254E14920037DABF /* start.txt */ = {isa = PBXFileReference; fileEncoding = 4; lastKnownFileType = text; path = start.txt; sourceTree = "<group>"; };
		B0FB1F89254E091E00D0EAA6 /* Project5.app */ = {isa = PBXFileReference; explicitFileType = wrapper.application; includeInIndex = 0; path = Project5.app; sourceTree = BUILT_PRODUCTS_DIR; };
		B0FB1F8C254E091F00D0EAA6 /* AppDelegate.swift */ = {isa = PBXFileReference; lastKnownFileType = sourcecode.swift; path = AppDelegate.swift; sourceTree = "<group>"; };
		B0FB1F8E254E091F00D0EAA6 /* SceneDelegate.swift */ = {isa = PBXFileReference; lastKnownFileType = sourcecode.swift; path = SceneDelegate.swift; sourceTree = "<group>"; };
		B0FB1F93254E091F00D0EAA6 /* Base */ = {isa = PBXFileReference; lastKnownFileType = file.storyboard; name = Base; path = Base.lproj/Main.storyboard; sourceTree = "<group>"; };
		B0FB1F95254E092300D0EAA6 /* Assets.xcassets */ = {isa = PBXFileReference; lastKnownFileType = folder.assetcatalog; path = Assets.xcassets; sourceTree = "<group>"; };
		B0FB1F98254E092300D0EAA6 /* Base */ = {isa = PBXFileReference; lastKnownFileType = file.storyboard; name = Base; path = Base.lproj/LaunchScreen.storyboard; sourceTree = "<group>"; };
		B0FB1F9A254E092300D0EAA6 /* Info.plist */ = {isa = PBXFileReference; lastKnownFileType = text.plist.xml; path = Info.plist; sourceTree = "<group>"; };
		B0FB1FA2254E097A00D0EAA6 /* TableViewController.swift */ = {isa = PBXFileReference; lastKnownFileType = sourcecode.swift; path = TableViewController.swift; sourceTree = "<group>"; };
/* End PBXFileReference section */

/* Begin PBXFrameworksBuildPhase section */
		B0FB1F86254E091E00D0EAA6 /* Frameworks */ = {
			isa = PBXFrameworksBuildPhase;
			buildActionMask = 2147483647;
			files = (
			);
			runOnlyForDeploymentPostprocessing = 0;
		};
/* End PBXFrameworksBuildPhase section */

/* Begin PBXGroup section */
		B0FB1F80254E091E00D0EAA6 = {
			isa = PBXGroup;
			children = (
				B0FB1F8B254E091E00D0EAA6 /* Project5 */,
				B0FB1F8A254E091E00D0EAA6 /* Products */,
			);
			sourceTree = "<group>";
		};
		B0FB1F8A254E091E00D0EAA6 /* Products */ = {
			isa = PBXGroup;
			children = (
				B0FB1F89254E091E00D0EAA6 /* Project5.app */,
			);
			name = Products;
			sourceTree = "<group>";
		};
		B0FB1F8B254E091E00D0EAA6 /* Project5 */ = {
			isa = PBXGroup;
			children = (
				B0FB1F8C254E091F00D0EAA6 /* AppDelegate.swift */,
				B0FB1F8E254E091F00D0EAA6 /* SceneDelegate.swift */,
				B0FB1FA2254E097A00D0EAA6 /* TableViewController.swift */,
				B07D323D25546DAB00CF4665 /* SavedData.swift */,
				B0FB1F92254E091F00D0EAA6 /* Main.storyboard */,
				B0FB1F95254E092300D0EAA6 /* Assets.xcassets */,
				B0FB1F97254E092300D0EAA6 /* LaunchScreen.storyboard */,
				B0FB1F9A254E092300D0EAA6 /* Info.plist */,
				B0A66B1E254E14920037DABF /* start.txt */,
			);
			path = Project5;
			sourceTree = "<group>";
		};
/* End PBXGroup section */

/* Begin PBXNativeTarget section */
		B0FB1F88254E091E00D0EAA6 /* Project5 */ = {
			isa = PBXNativeTarget;
			buildConfigurationList = B0FB1F9D254E092300D0EAA6 /* Build configuration list for PBXNativeTarget "Project5" */;
			buildPhases = (
				B0FB1F85254E091E00D0EAA6 /* Sources */,
				B0FB1F86254E091E00D0EAA6 /* Frameworks */,
				B0FB1F87254E091E00D0EAA6 /* Resources */,
			);
			buildRules = (
			);
			dependencies = (
			);
			name = Project5;
			productName = Project5;
			productReference = B0FB1F89254E091E00D0EAA6 /* Project5.app */;
			productType = "com.apple.product-type.application";
		};
/* End PBXNativeTarget section */

/* Begin PBXProject section */
		B0FB1F81254E091E00D0EAA6 /* Project object */ = {
			isa = PBXProject;
			attributes = {
				LastSwiftUpdateCheck = 1210;
				LastUpgradeCheck = 1210;
				TargetAttributes = {
					B0FB1F88254E091E00D0EAA6 = {
						CreatedOnToolsVersion = 12.1;
					};
				};
			};
			buildConfigurationList = B0FB1F84254E091E00D0EAA6 /* Build configuration list for PBXProject "Project5" */;
			compatibilityVersion = "Xcode 9.3";
			developmentRegion = en;
			hasScannedForEncodings = 0;
			knownRegions = (
				en,
				Base,
			);
			mainGroup = B0FB1F80254E091E00D0EAA6;
			productRefGroup = B0FB1F8A254E091E00D0EAA6 /* Products */;
			projectDirPath = "";
			projectRoot = "";
			targets = (
				B0FB1F88254E091E00D0EAA6 /* Project5 */,
			);
		};
/* End PBXProject section */

/* Begin PBXResourcesBuildPhase section */
		B0FB1F87254E091E00D0EAA6 /* Resources */ = {
			isa = PBXResourcesBuildPhase;
			buildActionMask = 2147483647;
			files = (
				B0FB1F99254E092300D0EAA6 /* LaunchScreen.storyboard in Resources */,
				B0A66B1F254E14920037DABF /* start.txt in Resources */,
				B0FB1F96254E092300D0EAA6 /* Assets.xcassets in Resources */,
				B0FB1F94254E091F00D0EAA6 /* Main.storyboard in Resources */,
			);
			runOnlyForDeploymentPostprocessing = 0;
		};
/* End PBXResourcesBuildPhase section */

/* Begin PBXSourcesBuildPhase section */
		B0FB1F85254E091E00D0EAA6 /* Sources */ = {
			isa = PBXSourcesBuildPhase;
			buildActionMask = 2147483647;
			files = (
				B0FB1F8D254E091F00D0EAA6 /* AppDelegate.swift in Sources */,
				B0FB1FA3254E097A00D0EAA6 /* TableViewController.swift in Sources */,
				B0FB1F8F254E091F00D0EAA6 /* SceneDelegate.swift in Sources */,
				B07D323E25546DAB00CF4665 /* SavedData.swift in Sources */,
			);
			runOnlyForDeploymentPostprocessing = 0;
		};
/* End PBXSourcesBuildPhase section */

/* Begin PBXVariantGroup section */
		B0FB1F92254E091F00D0EAA6 /* Main.storyboard */ = {
			isa = PBXVariantGroup;
			children = (
				B0FB1F93254E091F00D0EAA6 /* Base */,
			);
			name = Main.storyboard;
			sourceTree = "<group>";
		};
		B0FB1F97254E092300D0EAA6 /* LaunchScreen.storyboard */ = {
			isa = PBXVariantGroup;
			children = (
				B0FB1F98254E092300D0EAA6 /* Base */,
			);
			name = LaunchScreen.storyboard;
			sourceTree = "<group>";
		};
/* End PBXVariantGroup section */

/* Begin XCBuildConfiguration section */
		B0FB1F9B254E092300D0EAA6 /* Debug */ = {
			isa = XCBuildConfiguration;
			buildSettings = {
				ALWAYS_SEARCH_USER_PATHS = NO;
				CLANG_ANALYZER_NONNULL = YES;
				CLANG_ANALYZER_NUMBER_OBJECT_CONVERSION = YES_AGGRESSIVE;
				CLANG_CXX_LANGUAGE_STANDARD = "gnu++14";
				CLANG_CXX_LIBRARY = "libc++";
				CLANG_ENABLE_MODULES = YES;
				CLANG_ENABLE_OBJC_ARC = YES;
				CLANG_ENABLE_OBJC_WEAK = YES;
				CLANG_WARN_BLOCK_CAPTURE_AUTORELEASING = YES;
				CLANG_WARN_BOOL_CONVERSION = YES;
				CLANG_WARN_COMMA = YES;
				CLANG_WARN_CONSTANT_CONVERSION = YES;
				CLANG_WARN_DEPRECATED_OBJC_IMPLEMENTATIONS = YES;
				CLANG_WARN_DIRECT_OBJC_ISA_USAGE = YES_ERROR;
				CLANG_WARN_DOCUMENTATION_COMMENTS = YES;
				CLANG_WARN_EMPTY_BODY = YES;
				CLANG_WARN_ENUM_CONVERSION = YES;
				CLANG_WARN_INFINITE_RECURSION = YES;
				CLANG_WARN_INT_CONVERSION = YES;
				CLANG_WARN_NON_LITERAL_NULL_CONVERSION = YES;
				CLANG_WARN_OBJC_IMPLICIT_RETAIN_SELF = YES;
				CLANG_WARN_OBJC_LITERAL_CONVERSION = YES;
				CLANG_WARN_OBJC_ROOT_CLASS = YES_ERROR;
				CLANG_WARN_QUOTED_INCLUDE_IN_FRAMEWORK_HEADER = YES;
				CLANG_WARN_RANGE_LOOP_ANALYSIS = YES;
				CLANG_WARN_STRICT_PROTOTYPES = YES;
				CLANG_WARN_SUSPICIOUS_MOVE = YES;
				CLANG_WARN_UNGUARDED_AVAILABILITY = YES_AGGRESSIVE;
				CLANG_WARN_UNREACHABLE_CODE = YES;
				CLANG_WARN__DUPLICATE_METHOD_MATCH = YES;
				COPY_PHASE_STRIP = NO;
				DEBUG_INFORMATION_FORMAT = dwarf;
				ENABLE_STRICT_OBJC_MSGSEND = YES;
				ENABLE_TESTABILITY = YES;
				GCC_C_LANGUAGE_STANDARD = gnu11;
				GCC_DYNAMIC_NO_PIC = NO;
				GCC_NO_COMMON_BLOCKS = YES;
				GCC_OPTIMIZATION_LEVEL = 0;
				GCC_PREPROCESSOR_DEFINITIONS = (
					"DEBUG=1",
					"$(inherited)",
				);
				GCC_WARN_64_TO_32_BIT_CONVERSION = YES;
				GCC_WARN_ABOUT_RETURN_TYPE = YES_ERROR;
				GCC_WARN_UNDECLARED_SELECTOR = YES;
				GCC_WARN_UNINITIALIZED_AUTOS = YES_AGGRESSIVE;
				GCC_WARN_UNUSED_FUNCTION = YES;
				GCC_WARN_UNUSED_VARIABLE = YES;
				IPHONEOS_DEPLOYMENT_TARGET = 14.1;
				MTL_ENABLE_DEBUG_INFO = INCLUDE_SOURCE;
				MTL_FAST_MATH = YES;
				ONLY_ACTIVE_ARCH = YES;
				SDKROOT = iphoneos;
				SWIFT_ACTIVE_COMPILATION_CONDITIONS = DEBUG;
				SWIFT_OPTIMIZATION_LEVEL = "-Onone";
			};
			name = Debug;
		};
		B0FB1F9C254E092300D0EAA6 /* Release */ = {
			isa = XCBuildConfiguration;
			buildSettings = {
				ALWAYS_SEARCH_USER_PATHS = NO;
				CLANG_ANALYZER_NONNULL = YES;
				CLANG_ANALYZER_NUMBER_OBJECT_CONVERSION = YES_AGGRESSIVE;
				CLANG_CXX_LANGUAGE_STANDARD = "gnu++14";
				CLANG_CXX_LIBRARY = "libc++";
				CLANG_ENABLE_MODULES = YES;
				CLANG_ENABLE_OBJC_ARC = YES;
				CLANG_ENABLE_OBJC_WEAK = YES;
				CLANG_WARN_BLOCK_CAPTURE_AUTORELEASING = YES;
				CLANG_WARN_BOOL_CONVERSION = YES;
				CLANG_WARN_COMMA = YES;
				CLANG_WARN_CONSTANT_CONVERSION = YES;
				CLANG_WARN_DEPRECATED_OBJC_IMPLEMENTATIONS = YES;
				CLANG_WARN_DIRECT_OBJC_ISA_USAGE = YES_ERROR;
				CLANG_WARN_DOCUMENTATION_COMMENTS = YES;
				CLANG_WARN_EMPTY_BODY = YES;
				CLANG_WARN_ENUM_CONVERSION = YES;
				CLANG_WARN_INFINITE_RECURSION = YES;
				CLANG_WARN_INT_CONVERSION = YES;
				CLANG_WARN_NON_LITERAL_NULL_CONVERSION = YES;
				CLANG_WARN_OBJC_IMPLICIT_RETAIN_SELF = YES;
				CLANG_WARN_OBJC_LITERAL_CONVERSION = YES;
				CLANG_WARN_OBJC_ROOT_CLASS = YES_ERROR;
				CLANG_WARN_QUOTED_INCLUDE_IN_FRAMEWORK_HEADER = YES;
				CLANG_WARN_RANGE_LOOP_ANALYSIS = YES;
				CLANG_WARN_STRICT_PROTOTYPES = YES;
				CLANG_WARN_SUSPICIOUS_MOVE = YES;
				CLANG_WARN_UNGUARDED_AVAILABILITY = YES_AGGRESSIVE;
				CLANG_WARN_UNREACHABLE_CODE = YES;
				CLANG_WARN__DUPLICATE_METHOD_MATCH = YES;
				COPY_PHASE_STRIP = NO;
				DEBUG_INFORMATION_FORMAT = "dwarf-with-dsym";
				ENABLE_NS_ASSERTIONS = NO;
				ENABLE_STRICT_OBJC_MSGSEND = YES;
				GCC_C_LANGUAGE_STANDARD = gnu11;
				GCC_NO_COMMON_BLOCKS = YES;
				GCC_WARN_64_TO_32_BIT_CONVERSION = YES;
				GCC_WARN_ABOUT_RETURN_TYPE = YES_ERROR;
				GCC_WARN_UNDECLARED_SELECTOR = YES;
				GCC_WARN_UNINITIALIZED_AUTOS = YES_AGGRESSIVE;
				GCC_WARN_UNUSED_FUNCTION = YES;
				GCC_WARN_UNUSED_VARIABLE = YES;
				IPHONEOS_DEPLOYMENT_TARGET = 14.1;
				MTL_ENABLE_DEBUG_INFO = NO;
				MTL_FAST_MATH = YES;
				SDKROOT = iphoneos;
				SWIFT_COMPILATION_MODE = wholemodule;
				SWIFT_OPTIMIZATION_LEVEL = "-O";
				VALIDATE_PRODUCT = YES;
			};
			name = Release;
		};
		B0FB1F9E254E092300D0EAA6 /* Debug */ = {
			isa = XCBuildConfiguration;
			buildSettings = {
				ASSETCATALOG_COMPILER_APPICON_NAME = AppIcon;
				ASSETCATALOG_COMPILER_GLOBAL_ACCENT_COLOR_NAME = AccentColor;
				CODE_SIGN_STYLE = Automatic;
				DEVELOPMENT_TEAM = L964CV4KRG;
				INFOPLIST_FILE = Project5/Info.plist;
				LD_RUNPATH_SEARCH_PATHS = (
					"$(inherited)",
					"@executable_path/Frameworks",
				);
				PRODUCT_BUNDLE_IDENTIFIER = futurum.Project5;
				PRODUCT_NAME = "$(TARGET_NAME)";
				SWIFT_VERSION = 5.0;
				TARGETED_DEVICE_FAMILY = "1,2";
			};
			name = Debug;
		};
		B0FB1F9F254E092300D0EAA6 /* Release */ = {
			isa = XCBuildConfiguration;
			buildSettings = {
				ASSETCATALOG_COMPILER_APPICON_NAME = AppIcon;
				ASSETCATALOG_COMPILER_GLOBAL_ACCENT_COLOR_NAME = AccentColor;
				CODE_SIGN_STYLE = Automatic;
				DEVELOPMENT_TEAM = L964CV4KRG;
				INFOPLIST_FILE = Project5/Info.plist;
				LD_RUNPATH_SEARCH_PATHS = (
					"$(inherited)",
					"@executable_path/Frameworks",
				);
				PRODUCT_BUNDLE_IDENTIFIER = futurum.Project5;
				PRODUCT_NAME = "$(TARGET_NAME)";
				SWIFT_VERSION = 5.0;
				TARGETED_DEVICE_FAMILY = "1,2";
			};
			name = Release;
		};
/* End XCBuildConfiguration section */

/* Begin XCConfigurationList section */
		B0FB1F84254E091E00D0EAA6 /* Build configuration list for PBXProject "Project5" */ = {
			isa = XCConfigurationList;
			buildConfigurations = (
				B0FB1F9B254E092300D0EAA6 /* Debug */,
				B0FB1F9C254E092300D0EAA6 /* Release */,
			);
			defaultConfigurationIsVisible = 0;
			defaultConfigurationName = Release;
		};
		B0FB1F9D254E092300D0EAA6 /* Build configuration list for PBXNativeTarget "Project5" */ = {
			isa = XCConfigurationList;
			buildConfigurations = (
				B0FB1F9E254E092300D0EAA6 /* Debug */,
				B0FB1F9F254E092300D0EAA6 /* Release */,
			);
			defaultConfigurationIsVisible = 0;
			defaultConfigurationName = Release;
		};
/* End XCConfigurationList section */
	};
	rootObject = B0FB1F81254E091E00D0EAA6 /* Project object */;
}
