// !$*UTF8*$!
{
	archiveVersion = 1;
	classes = {
	};
	objectVersion = 50;
	objects = {

/* Begin PBXBuildFile section */
		B0EBAF732559749600476777 /* AppDelegate.swift in Sources */ = {isa = PBXBuildFile; fileRef = B0EBAF722559749600476777 /* AppDelegate.swift */; };
		B0EBAF752559749600476777 /* SceneDelegate.swift in Sources */ = {isa = PBXBuildFile; fileRef = B0EBAF742559749600476777 /* SceneDelegate.swift */; };
		B0EBAF772559749600476777 /* ViewController.swift in Sources */ = {isa = PBXBuildFile; fileRef = B0EBAF762559749600476777 /* ViewController.swift */; };
		B0EBAF7A2559749600476777 /* Main.storyboard in Resources */ = {isa = PBXBuildFile; fileRef = B0EBAF782559749600476777 /* Main.storyboard */; };
		B0EBAF7C2559749900476777 /* Assets.xcassets in Resources */ = {isa = PBXBuildFile; fileRef = B0EBAF7B2559749900476777 /* Assets.xcassets */; };
		B0EBAF7F2559749900476777 /* LaunchScreen.storyboard in Resources */ = {isa = PBXBuildFile; fileRef = B0EBAF7D2559749900476777 /* LaunchScreen.storyboard */; };
		B0EBAF8E2559760400476777 /* Media.xcassets in Resources */ = {isa = PBXBuildFile; fileRef = B0EBAF8D2559760400476777 /* Media.xcassets */; };
		B0EBAF902559760400476777 /* ActionViewController.swift in Sources */ = {isa = PBXBuildFile; fileRef = B0EBAF8F2559760400476777 /* ActionViewController.swift */; };
		B0EBAF932559760400476777 /* MainInterface.storyboard in Resources */ = {isa = PBXBuildFile; fileRef = B0EBAF912559760400476777 /* MainInterface.storyboard */; };
		B0EBAF972559760400476777 /* Extension.appex in Embed App Extensions */ = {isa = PBXBuildFile; fileRef = B0EBAF8B2559760400476777 /* Extension.appex */; settings = {ATTRIBUTES = (RemoveHeadersOnCopy, ); }; };
		B0EBAF9F2559799700476777 /* Action.js in Resources */ = {isa = PBXBuildFile; fileRef = B0EBAF9E2559799700476777 /* Action.js */; };
		B0EBAFA325598B1800476777 /* ScriptForSite.swift in Sources */ = {isa = PBXBuildFile; fileRef = B0EBAFA225598B1800476777 /* ScriptForSite.swift */; };
		B0EBAFA7255991AD00476777 /* UserScript.swift in Sources */ = {isa = PBXBuildFile; fileRef = B0EBAFA6255991AD00476777 /* UserScript.swift */; };
/* End PBXBuildFile section */

/* Begin PBXContainerItemProxy section */
		B0EBAF952559760400476777 /* PBXContainerItemProxy */ = {
			isa = PBXContainerItemProxy;
			containerPortal = B0EBAF672559749600476777 /* Project object */;
			proxyType = 1;
			remoteGlobalIDString = B0EBAF8A2559760400476777;
			remoteInfo = Extension;
		};
/* End PBXContainerItemProxy section */

/* Begin PBXCopyFilesBuildPhase section */
		B0EBAF9B2559760400476777 /* Embed App Extensions */ = {
			isa = PBXCopyFilesBuildPhase;
			buildActionMask = 2147483647;
			dstPath = "";
			dstSubfolderSpec = 13;
			files = (
				B0EBAF972559760400476777 /* Extension.appex in Embed App Extensions */,
			);
			name = "Embed App Extensions";
			runOnlyForDeploymentPostprocessing = 0;
		};
/* End PBXCopyFilesBuildPhase section */

/* Begin PBXFileReference section */
		B0EBAF6F2559749600476777 /* Project19.app */ = {isa = PBXFileReference; explicitFileType = wrapper.application; includeInIndex = 0; path = Project19.app; sourceTree = BUILT_PRODUCTS_DIR; };
		B0EBAF722559749600476777 /* AppDelegate.swift */ = {isa = PBXFileReference; lastKnownFileType = sourcecode.swift; path = AppDelegate.swift; sourceTree = "<group>"; };
		B0EBAF742559749600476777 /* SceneDelegate.swift */ = {isa = PBXFileReference; lastKnownFileType = sourcecode.swift; path = SceneDelegate.swift; sourceTree = "<group>"; };
		B0EBAF762559749600476777 /* ViewController.swift */ = {isa = PBXFileReference; lastKnownFileType = sourcecode.swift; path = ViewController.swift; sourceTree = "<group>"; };
		B0EBAF792559749600476777 /* Base */ = {isa = PBXFileReference; lastKnownFileType = file.storyboard; name = Base; path = Base.lproj/Main.storyboard; sourceTree = "<group>"; };
		B0EBAF7B2559749900476777 /* Assets.xcassets */ = {isa = PBXFileReference; lastKnownFileType = folder.assetcatalog; path = Assets.xcassets; sourceTree = "<group>"; };
		B0EBAF7E2559749900476777 /* Base */ = {isa = PBXFileReference; lastKnownFileType = file.storyboard; name = Base; path = Base.lproj/LaunchScreen.storyboard; sourceTree = "<group>"; };
		B0EBAF802559749900476777 /* Info.plist */ = {isa = PBXFileReference; lastKnownFileType = text.plist.xml; path = Info.plist; sourceTree = "<group>"; };
		B0EBAF8B2559760400476777 /* Extension.appex */ = {isa = PBXFileReference; explicitFileType = "wrapper.app-extension"; includeInIndex = 0; path = Extension.appex; sourceTree = BUILT_PRODUCTS_DIR; };
		B0EBAF8D2559760400476777 /* Media.xcassets */ = {isa = PBXFileReference; lastKnownFileType = folder.assetcatalog; path = Media.xcassets; sourceTree = "<group>"; };
		B0EBAF8F2559760400476777 /* ActionViewController.swift */ = {isa = PBXFileReference; lastKnownFileType = sourcecode.swift; path = ActionViewController.swift; sourceTree = "<group>"; };
		B0EBAF922559760400476777 /* Base */ = {isa = PBXFileReference; lastKnownFileType = file.storyboard; name = Base; path = Base.lproj/MainInterface.storyboard; sourceTree = "<group>"; };
		B0EBAF942559760400476777 /* Info.plist */ = {isa = PBXFileReference; lastKnownFileType = text.plist.xml; path = Info.plist; sourceTree = "<group>"; };
		B0EBAF9E2559799700476777 /* Action.js */ = {isa = PBXFileReference; lastKnownFileType = sourcecode.javascript; path = Action.js; sourceTree = "<group>"; };
		B0EBAFA225598B1800476777 /* ScriptForSite.swift */ = {isa = PBXFileReference; lastKnownFileType = sourcecode.swift; path = ScriptForSite.swift; sourceTree = "<group>"; };
		B0EBAFA6255991AD00476777 /* UserScript.swift */ = {isa = PBXFileReference; lastKnownFileType = sourcecode.swift; path = UserScript.swift; sourceTree = "<group>"; };
/* End PBXFileReference section */

/* Begin PBXFrameworksBuildPhase section */
		B0EBAF6C2559749600476777 /* Frameworks */ = {
			isa = PBXFrameworksBuildPhase;
			buildActionMask = 2147483647;
			files = (
			);
			runOnlyForDeploymentPostprocessing = 0;
		};
		B0EBAF882559760400476777 /* Frameworks */ = {
			isa = PBXFrameworksBuildPhase;
			buildActionMask = 2147483647;
			files = (
			);
			runOnlyForDeploymentPostprocessing = 0;
		};
/* End PBXFrameworksBuildPhase section */

/* Begin PBXGroup section */
		B0EBAF662559749600476777 = {
			isa = PBXGroup;
			children = (
				B0EBAF712559749600476777 /* Project19 */,
				B0EBAF8C2559760400476777 /* Extension */,
				B0EBAF702559749600476777 /* Products */,
			);
			sourceTree = "<group>";
		};
		B0EBAF702559749600476777 /* Products */ = {
			isa = PBXGroup;
			children = (
				B0EBAF6F2559749600476777 /* Project19.app */,
				B0EBAF8B2559760400476777 /* Extension.appex */,
			);
			name = Products;
			sourceTree = "<group>";
		};
		B0EBAF712559749600476777 /* Project19 */ = {
			isa = PBXGroup;
			children = (
				B0EBAF722559749600476777 /* AppDelegate.swift */,
				B0EBAF742559749600476777 /* SceneDelegate.swift */,
				B0EBAF762559749600476777 /* ViewController.swift */,
				B0EBAF782559749600476777 /* Main.storyboard */,
				B0EBAF7B2559749900476777 /* Assets.xcassets */,
				B0EBAF7D2559749900476777 /* LaunchScreen.storyboard */,
				B0EBAF802559749900476777 /* Info.plist */,
			);
			path = Project19;
			sourceTree = "<group>";
		};
		B0EBAF8C2559760400476777 /* Extension */ = {
			isa = PBXGroup;
			children = (
				B0EBAF8D2559760400476777 /* Media.xcassets */,
				B0EBAF8F2559760400476777 /* ActionViewController.swift */,
				B0EBAFA6255991AD00476777 /* UserScript.swift */,
				B0EBAF912559760400476777 /* MainInterface.storyboard */,
				B0EBAF942559760400476777 /* Info.plist */,
				B0EBAF9E2559799700476777 /* Action.js */,
				B0EBAFA225598B1800476777 /* ScriptForSite.swift */,
			);
			path = Extension;
			sourceTree = "<group>";
		};
/* End PBXGroup section */

/* Begin PBXNativeTarget section */
		B0EBAF6E2559749600476777 /* Project19 */ = {
			isa = PBXNativeTarget;
			buildConfigurationList = B0EBAF832559749900476777 /* Build configuration list for PBXNativeTarget "Project19" */;
			buildPhases = (
				B0EBAF6B2559749600476777 /* Sources */,
				B0EBAF6C2559749600476777 /* Frameworks */,
				B0EBAF6D2559749600476777 /* Resources */,
				B0EBAF9B2559760400476777 /* Embed App Extensions */,
			);
			buildRules = (
			);
			dependencies = (
				B0EBAF962559760400476777 /* PBXTargetDependency */,
			);
			name = Project19;
			productName = Project19;
			productReference = B0EBAF6F2559749600476777 /* Project19.app */;
			productType = "com.apple.product-type.application";
		};
		B0EBAF8A2559760400476777 /* Extension */ = {
			isa = PBXNativeTarget;
			buildConfigurationList = B0EBAF982559760400476777 /* Build configuration list for PBXNativeTarget "Extension" */;
			buildPhases = (
				B0EBAF872559760400476777 /* Sources */,
				B0EBAF882559760400476777 /* Frameworks */,
				B0EBAF892559760400476777 /* Resources */,
			);
			buildRules = (
			);
			dependencies = (
			);
			name = Extension;
			productName = Extension;
			productReference = B0EBAF8B2559760400476777 /* Extension.appex */;
			productType = "com.apple.product-type.app-extension";
		};
/* End PBXNativeTarget section */

/* Begin PBXProject section */
		B0EBAF672559749600476777 /* Project object */ = {
			isa = PBXProject;
			attributes = {
				LastSwiftUpdateCheck = 1210;
				LastUpgradeCheck = 1210;
				TargetAttributes = {
					B0EBAF6E2559749600476777 = {
						CreatedOnToolsVersion = 12.1;
					};
					B0EBAF8A2559760400476777 = {
						CreatedOnToolsVersion = 12.1;
					};
				};
			};
			buildConfigurationList = B0EBAF6A2559749600476777 /* Build configuration list for PBXProject "Project19" */;
			compatibilityVersion = "Xcode 9.3";
			developmentRegion = en;
			hasScannedForEncodings = 0;
			knownRegions = (
				en,
				Base,
			);
			mainGroup = B0EBAF662559749600476777;
			productRefGroup = B0EBAF702559749600476777 /* Products */;
			projectDirPath = "";
			projectRoot = "";
			targets = (
				B0EBAF6E2559749600476777 /* Project19 */,
				B0EBAF8A2559760400476777 /* Extension */,
			);
		};
/* End PBXProject section */

/* Begin PBXResourcesBuildPhase section */
		B0EBAF6D2559749600476777 /* Resources */ = {
			isa = PBXResourcesBuildPhase;
			buildActionMask = 2147483647;
			files = (
				B0EBAF7F2559749900476777 /* LaunchScreen.storyboard in Resources */,
				B0EBAF7C2559749900476777 /* Assets.xcassets in Resources */,
				B0EBAF7A2559749600476777 /* Main.storyboard in Resources */,
			);
			runOnlyForDeploymentPostprocessing = 0;
		};
		B0EBAF892559760400476777 /* Resources */ = {
			isa = PBXResourcesBuildPhase;
			buildActionMask = 2147483647;
			files = (
				B0EBAF9F2559799700476777 /* Action.js in Resources */,
				B0EBAF8E2559760400476777 /* Media.xcassets in Resources */,
				B0EBAF932559760400476777 /* MainInterface.storyboard in Resources */,
			);
			runOnlyForDeploymentPostprocessing = 0;
		};
/* End PBXResourcesBuildPhase section */

/* Begin PBXSourcesBuildPhase section */
		B0EBAF6B2559749600476777 /* Sources */ = {
			isa = PBXSourcesBuildPhase;
			buildActionMask = 2147483647;
			files = (
				B0EBAF772559749600476777 /* ViewController.swift in Sources */,
				B0EBAF732559749600476777 /* AppDelegate.swift in Sources */,
				B0EBAF752559749600476777 /* SceneDelegate.swift in Sources */,
			);
			runOnlyForDeploymentPostprocessing = 0;
		};
		B0EBAF872559760400476777 /* Sources */ = {
			isa = PBXSourcesBuildPhase;
			buildActionMask = 2147483647;
			files = (
				B0EBAFA7255991AD00476777 /* UserScript.swift in Sources */,
				B0EBAF902559760400476777 /* ActionViewController.swift in Sources */,
				B0EBAFA325598B1800476777 /* ScriptForSite.swift in Sources */,
			);
			runOnlyForDeploymentPostprocessing = 0;
		};
/* End PBXSourcesBuildPhase section */

/* Begin PBXTargetDependency section */
		B0EBAF962559760400476777 /* PBXTargetDependency */ = {
			isa = PBXTargetDependency;
			target = B0EBAF8A2559760400476777 /* Extension */;
			targetProxy = B0EBAF952559760400476777 /* PBXContainerItemProxy */;
		};
/* End PBXTargetDependency section */

/* Begin PBXVariantGroup section */
		B0EBAF782559749600476777 /* Main.storyboard */ = {
			isa = PBXVariantGroup;
			children = (
				B0EBAF792559749600476777 /* Base */,
			);
			name = Main.storyboard;
			sourceTree = "<group>";
		};
		B0EBAF7D2559749900476777 /* LaunchScreen.storyboard */ = {
			isa = PBXVariantGroup;
			children = (
				B0EBAF7E2559749900476777 /* Base */,
			);
			name = LaunchScreen.storyboard;
			sourceTree = "<group>";
		};
		B0EBAF912559760400476777 /* MainInterface.storyboard */ = {
			isa = PBXVariantGroup;
			children = (
				B0EBAF922559760400476777 /* Base */,
			);
			name = MainInterface.storyboard;
			sourceTree = "<group>";
		};
/* End PBXVariantGroup section */

/* Begin XCBuildConfiguration section */
		B0EBAF812559749900476777 /* Debug */ = {
			isa = XCBuildConfiguration;
			buildSettings = {
				ALWAYS_SEARCH_USER_PATHS = NO;
				CLANG_ANALYZER_NONNULL = YES;
				CLANG_ANALYZER_NUMBER_OBJECT_CONVERSION = YES_AGGRESSIVE;
				CLANG_CXX_LANGUAGE_STANDARD = "gnu++14";
				CLANG_CXX_LIBRARY = "libc++";
				CLANG_ENABLE_MODULES = YES;
				CLANG_ENABLE_OBJC_ARC = YES;
				CLANG_ENABLE_OBJC_WEAK = YES;
				CLANG_WARN_BLOCK_CAPTURE_AUTORELEASING = YES;
				CLANG_WARN_BOOL_CONVERSION = YES;
				CLANG_WARN_COMMA = YES;
				CLANG_WARN_CONSTANT_CONVERSION = YES;
				CLANG_WARN_DEPRECATED_OBJC_IMPLEMENTATIONS = YES;
				CLANG_WARN_DIRECT_OBJC_ISA_USAGE = YES_ERROR;
				CLANG_WARN_DOCUMENTATION_COMMENTS = YES;
				CLANG_WARN_EMPTY_BODY = YES;
				CLANG_WARN_ENUM_CONVERSION = YES;
				CLANG_WARN_INFINITE_RECURSION = YES;
				CLANG_WARN_INT_CONVERSION = YES;
				CLANG_WARN_NON_LITERAL_NULL_CONVERSION = YES;
				CLANG_WARN_OBJC_IMPLICIT_RETAIN_SELF = YES;
				CLANG_WARN_OBJC_LITERAL_CONVERSION = YES;
				CLANG_WARN_OBJC_ROOT_CLASS = YES_ERROR;
				CLANG_WARN_QUOTED_INCLUDE_IN_FRAMEWORK_HEADER = YES;
				CLANG_WARN_RANGE_LOOP_ANALYSIS = YES;
				CLANG_WARN_STRICT_PROTOTYPES = YES;
				CLANG_WARN_SUSPICIOUS_MOVE = YES;
				CLANG_WARN_UNGUARDED_AVAILABILITY = YES_AGGRESSIVE;
				CLANG_WARN_UNREACHABLE_CODE = YES;
				CLANG_WARN__DUPLICATE_METHOD_MATCH = YES;
				COPY_PHASE_STRIP = NO;
				DEBUG_INFORMATION_FORMAT = dwarf;
				ENABLE_STRICT_OBJC_MSGSEND = YES;
				ENABLE_TESTABILITY = YES;
				GCC_C_LANGUAGE_STANDARD = gnu11;
				GCC_DYNAMIC_NO_PIC = NO;
				GCC_NO_COMMON_BLOCKS = YES;
				GCC_OPTIMIZATION_LEVEL = 0;
				GCC_PREPROCESSOR_DEFINITIONS = (
					"DEBUG=1",
					"$(inherited)",
				);
				GCC_WARN_64_TO_32_BIT_CONVERSION = YES;
				GCC_WARN_ABOUT_RETURN_TYPE = YES_ERROR;
				GCC_WARN_UNDECLARED_SELECTOR = YES;
				GCC_WARN_UNINITIALIZED_AUTOS = YES_AGGRESSIVE;
				GCC_WARN_UNUSED_FUNCTION = YES;
				GCC_WARN_UNUSED_VARIABLE = YES;
				IPHONEOS_DEPLOYMENT_TARGET = 14.1;
				MTL_ENABLE_DEBUG_INFO = INCLUDE_SOURCE;
				MTL_FAST_MATH = YES;
				ONLY_ACTIVE_ARCH = YES;
				SDKROOT = iphoneos;
				SWIFT_ACTIVE_COMPILATION_CONDITIONS = DEBUG;
				SWIFT_OPTIMIZATION_LEVEL = "-Onone";
			};
			name = Debug;
		};
		B0EBAF822559749900476777 /* Release */ = {
			isa = XCBuildConfiguration;
			buildSettings = {
				ALWAYS_SEARCH_USER_PATHS = NO;
				CLANG_ANALYZER_NONNULL = YES;
				CLANG_ANALYZER_NUMBER_OBJECT_CONVERSION = YES_AGGRESSIVE;
				CLANG_CXX_LANGUAGE_STANDARD = "gnu++14";
				CLANG_CXX_LIBRARY = "libc++";
				CLANG_ENABLE_MODULES = YES;
				CLANG_ENABLE_OBJC_ARC = YES;
				CLANG_ENABLE_OBJC_WEAK = YES;
				CLANG_WARN_BLOCK_CAPTURE_AUTORELEASING = YES;
				CLANG_WARN_BOOL_CONVERSION = YES;
				CLANG_WARN_COMMA = YES;
				CLANG_WARN_CONSTANT_CONVERSION = YES;
				CLANG_WARN_DEPRECATED_OBJC_IMPLEMENTATIONS = YES;
				CLANG_WARN_DIRECT_OBJC_ISA_USAGE = YES_ERROR;
				CLANG_WARN_DOCUMENTATION_COMMENTS = YES;
				CLANG_WARN_EMPTY_BODY = YES;
				CLANG_WARN_ENUM_CONVERSION = YES;
				CLANG_WARN_INFINITE_RECURSION = YES;
				CLANG_WARN_INT_CONVERSION = YES;
				CLANG_WARN_NON_LITERAL_NULL_CONVERSION = YES;
				CLANG_WARN_OBJC_IMPLICIT_RETAIN_SELF = YES;
				CLANG_WARN_OBJC_LITERAL_CONVERSION = YES;
				CLANG_WARN_OBJC_ROOT_CLASS = YES_ERROR;
				CLANG_WARN_QUOTED_INCLUDE_IN_FRAMEWORK_HEADER = YES;
				CLANG_WARN_RANGE_LOOP_ANALYSIS = YES;
				CLANG_WARN_STRICT_PROTOTYPES = YES;
				CLANG_WARN_SUSPICIOUS_MOVE = YES;
				CLANG_WARN_UNGUARDED_AVAILABILITY = YES_AGGRESSIVE;
				CLANG_WARN_UNREACHABLE_CODE = YES;
				CLANG_WARN__DUPLICATE_METHOD_MATCH = YES;
				COPY_PHASE_STRIP = NO;
				DEBUG_INFORMATION_FORMAT = "dwarf-with-dsym";
				ENABLE_NS_ASSERTIONS = NO;
				ENABLE_STRICT_OBJC_MSGSEND = YES;
				GCC_C_LANGUAGE_STANDARD = gnu11;
				GCC_NO_COMMON_BLOCKS = YES;
				GCC_WARN_64_TO_32_BIT_CONVERSION = YES;
				GCC_WARN_ABOUT_RETURN_TYPE = YES_ERROR;
				GCC_WARN_UNDECLARED_SELECTOR = YES;
				GCC_WARN_UNINITIALIZED_AUTOS = YES_AGGRESSIVE;
				GCC_WARN_UNUSED_FUNCTION = YES;
				GCC_WARN_UNUSED_VARIABLE = YES;
				IPHONEOS_DEPLOYMENT_TARGET = 14.1;
				MTL_ENABLE_DEBUG_INFO = NO;
				MTL_FAST_MATH = YES;
				SDKROOT = iphoneos;
				SWIFT_COMPILATION_MODE = wholemodule;
				SWIFT_OPTIMIZATION_LEVEL = "-O";
				VALIDATE_PRODUCT = YES;
			};
			name = Release;
		};
		B0EBAF842559749900476777 /* Debug */ = {
			isa = XCBuildConfiguration;
			buildSettings = {
				ALWAYS_EMBED_SWIFT_STANDARD_LIBRARIES = YES;
				ASSETCATALOG_COMPILER_APPICON_NAME = AppIcon;
				ASSETCATALOG_COMPILER_GLOBAL_ACCENT_COLOR_NAME = AccentColor;
				CODE_SIGN_STYLE = Automatic;
				DEVELOPMENT_TEAM = L964CV4KRG;
				INFOPLIST_FILE = Project19/Info.plist;
				LD_RUNPATH_SEARCH_PATHS = (
					"$(inherited)",
					"@executable_path/Frameworks",
				);
				PRODUCT_BUNDLE_IDENTIFIER = futurum.Project19;
				PRODUCT_NAME = "$(TARGET_NAME)";
				SWIFT_VERSION = 5.0;
				TARGETED_DEVICE_FAMILY = "1,2";
			};
			name = Debug;
		};
		B0EBAF852559749900476777 /* Release */ = {
			isa = XCBuildConfiguration;
			buildSettings = {
				ALWAYS_EMBED_SWIFT_STANDARD_LIBRARIES = YES;
				ASSETCATALOG_COMPILER_APPICON_NAME = AppIcon;
				ASSETCATALOG_COMPILER_GLOBAL_ACCENT_COLOR_NAME = AccentColor;
				CODE_SIGN_STYLE = Automatic;
				DEVELOPMENT_TEAM = L964CV4KRG;
				INFOPLIST_FILE = Project19/Info.plist;
				LD_RUNPATH_SEARCH_PATHS = (
					"$(inherited)",
					"@executable_path/Frameworks",
				);
				PRODUCT_BUNDLE_IDENTIFIER = futurum.Project19;
				PRODUCT_NAME = "$(TARGET_NAME)";
				SWIFT_VERSION = 5.0;
				TARGETED_DEVICE_FAMILY = "1,2";
			};
			name = Release;
		};
		B0EBAF992559760400476777 /* Debug */ = {
			isa = XCBuildConfiguration;
			buildSettings = {
				CODE_SIGN_STYLE = Automatic;
				DEVELOPMENT_TEAM = L964CV4KRG;
				INFOPLIST_FILE = Extension/Info.plist;
				LD_RUNPATH_SEARCH_PATHS = (
					"$(inherited)",
					"@executable_path/Frameworks",
					"@executable_path/../../Frameworks",
				);
				PRODUCT_BUNDLE_IDENTIFIER = futurum.Project19.Extension;
				PRODUCT_NAME = "$(TARGET_NAME)";
				SKIP_INSTALL = YES;
				SWIFT_VERSION = 5.0;
				TARGETED_DEVICE_FAMILY = "1,2";
			};
			name = Debug;
		};
		B0EBAF9A2559760400476777 /* Release */ = {
			isa = XCBuildConfiguration;
			buildSettings = {
				CODE_SIGN_STYLE = Automatic;
				DEVELOPMENT_TEAM = L964CV4KRG;
				INFOPLIST_FILE = Extension/Info.plist;
				LD_RUNPATH_SEARCH_PATHS = (
					"$(inherited)",
					"@executable_path/Frameworks",
					"@executable_path/../../Frameworks",
				);
				PRODUCT_BUNDLE_IDENTIFIER = futurum.Project19.Extension;
				PRODUCT_NAME = "$(TARGET_NAME)";
				SKIP_INSTALL = YES;
				SWIFT_VERSION = 5.0;
				TARGETED_DEVICE_FAMILY = "1,2";
			};
			name = Release;
		};
/* End XCBuildConfiguration section */

/* Begin XCConfigurationList section */
		B0EBAF6A2559749600476777 /* Build configuration list for PBXProject "Project19" */ = {
			isa = XCConfigurationList;
			buildConfigurations = (
				B0EBAF812559749900476777 /* Debug */,
				B0EBAF822559749900476777 /* Release */,
			);
			defaultConfigurationIsVisible = 0;
			defaultConfigurationName = Release;
		};
		B0EBAF832559749900476777 /* Build configuration list for PBXNativeTarget "Project19" */ = {
			isa = XCConfigurationList;
			buildConfigurations = (
				B0EBAF842559749900476777 /* Debug */,
				B0EBAF852559749900476777 /* Release */,
			);
			defaultConfigurationIsVisible = 0;
			defaultConfigurationName = Release;
		};
		B0EBAF982559760400476777 /* Build configuration list for PBXNativeTarget "Extension" */ = {
			isa = XCConfigurationList;
			buildConfigurations = (
				B0EBAF992559760400476777 /* Debug */,
				B0EBAF9A2559760400476777 /* Release */,
			);
			defaultConfigurationIsVisible = 0;
			defaultConfigurationName = Release;
		};
/* End XCConfigurationList section */
	};
	rootObject = B0EBAF672559749600476777 /* Project object */;
}
