// !$*UTF8*$!
{
	archiveVersion = 1;
	classes = {
	};
	objectVersion = 50;
	objects = {

/* Begin PBXBuildFile section */
		B028232B25612DFF0076C7B4 /* AppDelegate.swift in Sources */ = {isa = PBXBuildFile; fileRef = B028232A25612DFF0076C7B4 /* AppDelegate.swift */; };
		B028232D25612DFF0076C7B4 /* GameScene.sks in Resources */ = {isa = PBXBuildFile; fileRef = B028232C25612DFF0076C7B4 /* GameScene.sks */; };
		B028233125612DFF0076C7B4 /* GameScene.swift in Sources */ = {isa = PBXBuildFile; fileRef = B028233025612DFF0076C7B4 /* GameScene.swift */; };
		B028233325612DFF0076C7B4 /* GameViewController.swift in Sources */ = {isa = PBXBuildFile; fileRef = B028233225612DFF0076C7B4 /* GameViewController.swift */; };
		B028233625612DFF0076C7B4 /* Main.storyboard in Resources */ = {isa = PBXBuildFile; fileRef = B028233425612DFF0076C7B4 /* Main.storyboard */; };
		B028233825612E050076C7B4 /* Assets.xcassets in Resources */ = {isa = PBXBuildFile; fileRef = B028233725612E050076C7B4 /* Assets.xcassets */; };
		B028234D25612F0C0076C7B4 /* sliceHitBomb.sks in Resources */ = {isa = PBXBuildFile; fileRef = B028234225612F010076C7B4 /* sliceHitBomb.sks */; };
		B028234E25612F0C0076C7B4 /* launch.caf in Resources */ = {isa = PBXBuildFile; fileRef = B028234325612F020076C7B4 /* launch.caf */; };
		B028234F25612F0C0076C7B4 /* explosion.caf in Resources */ = {isa = PBXBuildFile; fileRef = B028234425612F030076C7B4 /* explosion.caf */; };
		B028235025612F0C0076C7B4 /* swoosh1.caf in Resources */ = {isa = PBXBuildFile; fileRef = B028234525612F040076C7B4 /* swoosh1.caf */; };
		B028235125612F0C0076C7B4 /* swoosh2.caf in Resources */ = {isa = PBXBuildFile; fileRef = B028234625612F050076C7B4 /* swoosh2.caf */; };
		B028235225612F0C0076C7B4 /* swoosh3.caf in Resources */ = {isa = PBXBuildFile; fileRef = B028234725612F050076C7B4 /* swoosh3.caf */; };
		B028235325612F0C0076C7B4 /* sliceFuse.sks in Resources */ = {isa = PBXBuildFile; fileRef = B028234825612F060076C7B4 /* sliceFuse.sks */; };
		B028235425612F0C0076C7B4 /* wrong.caf in Resources */ = {isa = PBXBuildFile; fileRef = B028234925612F070076C7B4 /* wrong.caf */; };
		B028235525612F0C0076C7B4 /* whack.caf in Resources */ = {isa = PBXBuildFile; fileRef = B028234A25612F080076C7B4 /* whack.caf */; };
		B028235625612F0C0076C7B4 /* sliceBombFuse.caf in Resources */ = {isa = PBXBuildFile; fileRef = B028234B25612F0B0076C7B4 /* sliceBombFuse.caf */; };
		B028235725612F0C0076C7B4 /* sliceHitEnemy.sks in Resources */ = {isa = PBXBuildFile; fileRef = B028234C25612F0C0076C7B4 /* sliceHitEnemy.sks */; };
/* End PBXBuildFile section */

/* Begin PBXFileReference section */
		B028232725612DFF0076C7B4 /* Project23.app */ = {isa = PBXFileReference; explicitFileType = wrapper.application; includeInIndex = 0; path = Project23.app; sourceTree = BUILT_PRODUCTS_DIR; };
		B028232A25612DFF0076C7B4 /* AppDelegate.swift */ = {isa = PBXFileReference; lastKnownFileType = sourcecode.swift; path = AppDelegate.swift; sourceTree = "<group>"; };
		B028232C25612DFF0076C7B4 /* GameScene.sks */ = {isa = PBXFileReference; lastKnownFileType = file.sks; path = GameScene.sks; sourceTree = "<group>"; };
		B028233025612DFF0076C7B4 /* GameScene.swift */ = {isa = PBXFileReference; lastKnownFileType = sourcecode.swift; path = GameScene.swift; sourceTree = "<group>"; };
		B028233225612DFF0076C7B4 /* GameViewController.swift */ = {isa = PBXFileReference; lastKnownFileType = sourcecode.swift; path = GameViewController.swift; sourceTree = "<group>"; };
		B028233525612DFF0076C7B4 /* Base */ = {isa = PBXFileReference; lastKnownFileType = file.storyboard; name = Base; path = Base.lproj/Main.storyboard; sourceTree = "<group>"; };
		B028233725612E050076C7B4 /* Assets.xcassets */ = {isa = PBXFileReference; lastKnownFileType = folder.assetcatalog; path = Assets.xcassets; sourceTree = "<group>"; };
		B028233925612E050076C7B4 /* Info.plist */ = {isa = PBXFileReference; lastKnownFileType = text.plist.xml; path = Info.plist; sourceTree = "<group>"; };
		B028234225612F010076C7B4 /* sliceHitBomb.sks */ = {isa = PBXFileReference; lastKnownFileType = file.sks; path = sliceHitBomb.sks; sourceTree = "<group>"; };
		B028234325612F020076C7B4 /* launch.caf */ = {isa = PBXFileReference; lastKnownFileType = file; path = launch.caf; sourceTree = "<group>"; };
		B028234425612F030076C7B4 /* explosion.caf */ = {isa = PBXFileReference; lastKnownFileType = file; path = explosion.caf; sourceTree = "<group>"; };
		B028234525612F040076C7B4 /* swoosh1.caf */ = {isa = PBXFileReference; lastKnownFileType = file; path = swoosh1.caf; sourceTree = "<group>"; };
		B028234625612F050076C7B4 /* swoosh2.caf */ = {isa = PBXFileReference; lastKnownFileType = file; path = swoosh2.caf; sourceTree = "<group>"; };
		B028234725612F050076C7B4 /* swoosh3.caf */ = {isa = PBXFileReference; lastKnownFileType = file; path = swoosh3.caf; sourceTree = "<group>"; };
		B028234825612F060076C7B4 /* sliceFuse.sks */ = {isa = PBXFileReference; lastKnownFileType = file.sks; path = sliceFuse.sks; sourceTree = "<group>"; };
		B028234925612F070076C7B4 /* wrong.caf */ = {isa = PBXFileReference; lastKnownFileType = file; path = wrong.caf; sourceTree = "<group>"; };
		B028234A25612F080076C7B4 /* whack.caf */ = {isa = PBXFileReference; lastKnownFileType = file; path = whack.caf; sourceTree = "<group>"; };
		B028234B25612F0B0076C7B4 /* sliceBombFuse.caf */ = {isa = PBXFileReference; lastKnownFileType = file; path = sliceBombFuse.caf; sourceTree = "<group>"; };
		B028234C25612F0C0076C7B4 /* sliceHitEnemy.sks */ = {isa = PBXFileReference; lastKnownFileType = file.sks; path = sliceHitEnemy.sks; sourceTree = "<group>"; };
/* End PBXFileReference section */

/* Begin PBXFrameworksBuildPhase section */
		B028232425612DFF0076C7B4 /* Frameworks */ = {
			isa = PBXFrameworksBuildPhase;
			buildActionMask = 2147483647;
			files = (
			);
			runOnlyForDeploymentPostprocessing = 0;
		};
/* End PBXFrameworksBuildPhase section */

/* Begin PBXGroup section */
		B028231E25612DFE0076C7B4 = {
			isa = PBXGroup;
			children = (
				B028232925612DFF0076C7B4 /* Project23 */,
				B028232825612DFF0076C7B4 /* Products */,
			);
			sourceTree = "<group>";
		};
		B028232825612DFF0076C7B4 /* Products */ = {
			isa = PBXGroup;
			children = (
				B028232725612DFF0076C7B4 /* Project23.app */,
			);
			name = Products;
			sourceTree = "<group>";
		};
		B028232925612DFF0076C7B4 /* Project23 */ = {
			isa = PBXGroup;
			children = (
				B028232A25612DFF0076C7B4 /* AppDelegate.swift */,
				B028232C25612DFF0076C7B4 /* GameScene.sks */,
				B028233025612DFF0076C7B4 /* GameScene.swift */,
				B028233225612DFF0076C7B4 /* GameViewController.swift */,
				B028233425612DFF0076C7B4 /* Main.storyboard */,
				B028233725612E050076C7B4 /* Assets.xcassets */,
				B028233925612E050076C7B4 /* Info.plist */,
				B028234425612F030076C7B4 /* explosion.caf */,
				B028234325612F020076C7B4 /* launch.caf */,
				B028234B25612F0B0076C7B4 /* sliceBombFuse.caf */,
				B028234825612F060076C7B4 /* sliceFuse.sks */,
				B028234225612F010076C7B4 /* sliceHitBomb.sks */,
				B028234C25612F0C0076C7B4 /* sliceHitEnemy.sks */,
				B028234525612F040076C7B4 /* swoosh1.caf */,
				B028234625612F050076C7B4 /* swoosh2.caf */,
				B028234725612F050076C7B4 /* swoosh3.caf */,
				B028234A25612F080076C7B4 /* whack.caf */,
				B028234925612F070076C7B4 /* wrong.caf */,
			);
			path = Project23;
			sourceTree = "<group>";
		};
/* End PBXGroup section */

/* Begin PBXNativeTarget section */
		B028232625612DFF0076C7B4 /* Project23 */ = {
			isa = PBXNativeTarget;
			buildConfigurationList = B028233C25612E050076C7B4 /* Build configuration list for PBXNativeTarget "Project23" */;
			buildPhases = (
				B028232325612DFF0076C7B4 /* Sources */,
				B028232425612DFF0076C7B4 /* Frameworks */,
				B028232525612DFF0076C7B4 /* Resources */,
			);
			buildRules = (
			);
			dependencies = (
			);
			name = Project23;
			productName = Project23;
			productReference = B028232725612DFF0076C7B4 /* Project23.app */;
			productType = "com.apple.product-type.application";
		};
/* End PBXNativeTarget section */

/* Begin PBXProject section */
		B028231F25612DFE0076C7B4 /* Project object */ = {
			isa = PBXProject;
			attributes = {
				LastSwiftUpdateCheck = 1220;
				LastUpgradeCheck = 1220;
				TargetAttributes = {
					B028232625612DFF0076C7B4 = {
						CreatedOnToolsVersion = 12.2;
					};
				};
			};
			buildConfigurationList = B028232225612DFE0076C7B4 /* Build configuration list for PBXProject "Project23" */;
			compatibilityVersion = "Xcode 9.3";
			developmentRegion = en;
			hasScannedForEncodings = 0;
			knownRegions = (
				en,
				Base,
			);
			mainGroup = B028231E25612DFE0076C7B4;
			productRefGroup = B028232825612DFF0076C7B4 /* Products */;
			projectDirPath = "";
			projectRoot = "";
			targets = (
				B028232625612DFF0076C7B4 /* Project23 */,
			);
		};
/* End PBXProject section */

/* Begin PBXResourcesBuildPhase section */
		B028232525612DFF0076C7B4 /* Resources */ = {
			isa = PBXResourcesBuildPhase;
			buildActionMask = 2147483647;
			files = (
				B028235125612F0C0076C7B4 /* swoosh2.caf in Resources */,
				B028235725612F0C0076C7B4 /* sliceHitEnemy.sks in Resources */,
				B028235025612F0C0076C7B4 /* swoosh1.caf in Resources */,
				B028235225612F0C0076C7B4 /* swoosh3.caf in Resources */,
				B028234F25612F0C0076C7B4 /* explosion.caf in Resources */,
				B028235625612F0C0076C7B4 /* sliceBombFuse.caf in Resources */,
				B028234D25612F0C0076C7B4 /* sliceHitBomb.sks in Resources */,
				B028234E25612F0C0076C7B4 /* launch.caf in Resources */,
				B028233625612DFF0076C7B4 /* Main.storyboard in Resources */,
				B028235325612F0C0076C7B4 /* sliceFuse.sks in Resources */,
				B028232D25612DFF0076C7B4 /* GameScene.sks in Resources */,
				B028235425612F0C0076C7B4 /* wrong.caf in Resources */,
				B028233825612E050076C7B4 /* Assets.xcassets in Resources */,
				B028235525612F0C0076C7B4 /* whack.caf in Resources */,
			);
			runOnlyForDeploymentPostprocessing = 0;
		};
/* End PBXResourcesBuildPhase section */

/* Begin PBXSourcesBuildPhase section */
		B028232325612DFF0076C7B4 /* Sources */ = {
			isa = PBXSourcesBuildPhase;
			buildActionMask = 2147483647;
			files = (
				B028233125612DFF0076C7B4 /* GameScene.swift in Sources */,
				B028233325612DFF0076C7B4 /* GameViewController.swift in Sources */,
				B028232B25612DFF0076C7B4 /* AppDelegate.swift in Sources */,
			);
			runOnlyForDeploymentPostprocessing = 0;
		};
/* End PBXSourcesBuildPhase section */

/* Begin PBXVariantGroup section */
		B028233425612DFF0076C7B4 /* Main.storyboard */ = {
			isa = PBXVariantGroup;
			children = (
				B028233525612DFF0076C7B4 /* Base */,
			);
			name = Main.storyboard;
			sourceTree = "<group>";
		};
/* End PBXVariantGroup section */

/* Begin XCBuildConfiguration section */
		B028233A25612E050076C7B4 /* Debug */ = {
			isa = XCBuildConfiguration;
			buildSettings = {
				ALWAYS_SEARCH_USER_PATHS = NO;
				CLANG_ANALYZER_NONNULL = YES;
				CLANG_ANALYZER_NUMBER_OBJECT_CONVERSION = YES_AGGRESSIVE;
				CLANG_CXX_LANGUAGE_STANDARD = "gnu++14";
				CLANG_CXX_LIBRARY = "libc++";
				CLANG_ENABLE_MODULES = YES;
				CLANG_ENABLE_OBJC_ARC = YES;
				CLANG_ENABLE_OBJC_WEAK = YES;
				CLANG_WARN_BLOCK_CAPTURE_AUTORELEASING = YES;
				CLANG_WARN_BOOL_CONVERSION = YES;
				CLANG_WARN_COMMA = YES;
				CLANG_WARN_CONSTANT_CONVERSION = YES;
				CLANG_WARN_DEPRECATED_OBJC_IMPLEMENTATIONS = YES;
				CLANG_WARN_DIRECT_OBJC_ISA_USAGE = YES_ERROR;
				CLANG_WARN_DOCUMENTATION_COMMENTS = YES;
				CLANG_WARN_EMPTY_BODY = YES;
				CLANG_WARN_ENUM_CONVERSION = YES;
				CLANG_WARN_INFINITE_RECURSION = YES;
				CLANG_WARN_INT_CONVERSION = YES;
				CLANG_WARN_NON_LITERAL_NULL_CONVERSION = YES;
				CLANG_WARN_OBJC_IMPLICIT_RETAIN_SELF = YES;
				CLANG_WARN_OBJC_LITERAL_CONVERSION = YES;
				CLANG_WARN_OBJC_ROOT_CLASS = YES_ERROR;
				CLANG_WARN_QUOTED_INCLUDE_IN_FRAMEWORK_HEADER = YES;
				CLANG_WARN_RANGE_LOOP_ANALYSIS = YES;
				CLANG_WARN_STRICT_PROTOTYPES = YES;
				CLANG_WARN_SUSPICIOUS_MOVE = YES;
				CLANG_WARN_UNGUARDED_AVAILABILITY = YES_AGGRESSIVE;
				CLANG_WARN_UNREACHABLE_CODE = YES;
				CLANG_WARN__DUPLICATE_METHOD_MATCH = YES;
				COPY_PHASE_STRIP = NO;
				DEBUG_INFORMATION_FORMAT = dwarf;
				ENABLE_STRICT_OBJC_MSGSEND = YES;
				ENABLE_TESTABILITY = YES;
				GCC_C_LANGUAGE_STANDARD = gnu11;
				GCC_DYNAMIC_NO_PIC = NO;
				GCC_NO_COMMON_BLOCKS = YES;
				GCC_OPTIMIZATION_LEVEL = 0;
				GCC_PREPROCESSOR_DEFINITIONS = (
					"DEBUG=1",
					"$(inherited)",
				);
				GCC_WARN_64_TO_32_BIT_CONVERSION = YES;
				GCC_WARN_ABOUT_RETURN_TYPE = YES_ERROR;
				GCC_WARN_UNDECLARED_SELECTOR = YES;
				GCC_WARN_UNINITIALIZED_AUTOS = YES_AGGRESSIVE;
				GCC_WARN_UNUSED_FUNCTION = YES;
				GCC_WARN_UNUSED_VARIABLE = YES;
				IPHONEOS_DEPLOYMENT_TARGET = 14.2;
				MTL_ENABLE_DEBUG_INFO = INCLUDE_SOURCE;
				MTL_FAST_MATH = YES;
				ONLY_ACTIVE_ARCH = YES;
				SDKROOT = iphoneos;
				SWIFT_ACTIVE_COMPILATION_CONDITIONS = DEBUG;
				SWIFT_OPTIMIZATION_LEVEL = "-Onone";
			};
			name = Debug;
		};
		B028233B25612E050076C7B4 /* Release */ = {
			isa = XCBuildConfiguration;
			buildSettings = {
				ALWAYS_SEARCH_USER_PATHS = NO;
				CLANG_ANALYZER_NONNULL = YES;
				CLANG_ANALYZER_NUMBER_OBJECT_CONVERSION = YES_AGGRESSIVE;
				CLANG_CXX_LANGUAGE_STANDARD = "gnu++14";
				CLANG_CXX_LIBRARY = "libc++";
				CLANG_ENABLE_MODULES = YES;
				CLANG_ENABLE_OBJC_ARC = YES;
				CLANG_ENABLE_OBJC_WEAK = YES;
				CLANG_WARN_BLOCK_CAPTURE_AUTORELEASING = YES;
				CLANG_WARN_BOOL_CONVERSION = YES;
				CLANG_WARN_COMMA = YES;
				CLANG_WARN_CONSTANT_CONVERSION = YES;
				CLANG_WARN_DEPRECATED_OBJC_IMPLEMENTATIONS = YES;
				CLANG_WARN_DIRECT_OBJC_ISA_USAGE = YES_ERROR;
				CLANG_WARN_DOCUMENTATION_COMMENTS = YES;
				CLANG_WARN_EMPTY_BODY = YES;
				CLANG_WARN_ENUM_CONVERSION = YES;
				CLANG_WARN_INFINITE_RECURSION = YES;
				CLANG_WARN_INT_CONVERSION = YES;
				CLANG_WARN_NON_LITERAL_NULL_CONVERSION = YES;
				CLANG_WARN_OBJC_IMPLICIT_RETAIN_SELF = YES;
				CLANG_WARN_OBJC_LITERAL_CONVERSION = YES;
				CLANG_WARN_OBJC_ROOT_CLASS = YES_ERROR;
				CLANG_WARN_QUOTED_INCLUDE_IN_FRAMEWORK_HEADER = YES;
				CLANG_WARN_RANGE_LOOP_ANALYSIS = YES;
				CLANG_WARN_STRICT_PROTOTYPES = YES;
				CLANG_WARN_SUSPICIOUS_MOVE = YES;
				CLANG_WARN_UNGUARDED_AVAILABILITY = YES_AGGRESSIVE;
				CLANG_WARN_UNREACHABLE_CODE = YES;
				CLANG_WARN__DUPLICATE_METHOD_MATCH = YES;
				COPY_PHASE_STRIP = NO;
				DEBUG_INFORMATION_FORMAT = "dwarf-with-dsym";
				ENABLE_NS_ASSERTIONS = NO;
				ENABLE_STRICT_OBJC_MSGSEND = YES;
				GCC_C_LANGUAGE_STANDARD = gnu11;
				GCC_NO_COMMON_BLOCKS = YES;
				GCC_WARN_64_TO_32_BIT_CONVERSION = YES;
				GCC_WARN_ABOUT_RETURN_TYPE = YES_ERROR;
				GCC_WARN_UNDECLARED_SELECTOR = YES;
				GCC_WARN_UNINITIALIZED_AUTOS = YES_AGGRESSIVE;
				GCC_WARN_UNUSED_FUNCTION = YES;
				GCC_WARN_UNUSED_VARIABLE = YES;
				IPHONEOS_DEPLOYMENT_TARGET = 14.2;
				MTL_ENABLE_DEBUG_INFO = NO;
				MTL_FAST_MATH = YES;
				SDKROOT = iphoneos;
				SWIFT_COMPILATION_MODE = wholemodule;
				SWIFT_OPTIMIZATION_LEVEL = "-O";
				VALIDATE_PRODUCT = YES;
			};
			name = Release;
		};
		B028233D25612E050076C7B4 /* Debug */ = {
			isa = XCBuildConfiguration;
			buildSettings = {
				ASSETCATALOG_COMPILER_APPICON_NAME = AppIcon;
				ASSETCATALOG_COMPILER_GLOBAL_ACCENT_COLOR_NAME = AccentColor;
				CODE_SIGN_STYLE = Automatic;
				DEVELOPMENT_TEAM = L964CV4KRG;
				INFOPLIST_FILE = Project23/Info.plist;
				LD_RUNPATH_SEARCH_PATHS = (
					"$(inherited)",
					"@executable_path/Frameworks",
				);
				PRODUCT_BUNDLE_IDENTIFIER = futurum.Project23;
				PRODUCT_NAME = "$(TARGET_NAME)";
				SWIFT_VERSION = 5.0;
				TARGETED_DEVICE_FAMILY = 2;
			};
			name = Debug;
		};
		B028233E25612E050076C7B4 /* Release */ = {
			isa = XCBuildConfiguration;
			buildSettings = {
				ASSETCATALOG_COMPILER_APPICON_NAME = AppIcon;
				ASSETCATALOG_COMPILER_GLOBAL_ACCENT_COLOR_NAME = AccentColor;
				CODE_SIGN_STYLE = Automatic;
				DEVELOPMENT_TEAM = L964CV4KRG;
				INFOPLIST_FILE = Project23/Info.plist;
				LD_RUNPATH_SEARCH_PATHS = (
					"$(inherited)",
					"@executable_path/Frameworks",
				);
				PRODUCT_BUNDLE_IDENTIFIER = futurum.Project23;
				PRODUCT_NAME = "$(TARGET_NAME)";
				SWIFT_VERSION = 5.0;
				TARGETED_DEVICE_FAMILY = 2;
			};
			name = Release;
		};
/* End XCBuildConfiguration section */

/* Begin XCConfigurationList section */
		B028232225612DFE0076C7B4 /* Build configuration list for PBXProject "Project23" */ = {
			isa = XCConfigurationList;
			buildConfigurations = (
				B028233A25612E050076C7B4 /* Debug */,
				B028233B25612E050076C7B4 /* Release */,
			);
			defaultConfigurationIsVisible = 0;
			defaultConfigurationName = Release;
		};
		B028233C25612E050076C7B4 /* Build configuration list for PBXNativeTarget "Project23" */ = {
			isa = XCConfigurationList;
			buildConfigurations = (
				B028233D25612E050076C7B4 /* Debug */,
				B028233E25612E050076C7B4 /* Release */,
			);
			defaultConfigurationIsVisible = 0;
			defaultConfigurationName = Release;
		};
/* End XCConfigurationList section */
	};
	rootObject = B028231F25612DFE0076C7B4 /* Project object */;
}
